<Solution>
  <Folder Name="/ソリューション項目/">
    <File Path=".editorconfig" />
  </Folder>
  <Folder Name="/docs/">
    <File Path="docs/ASSESSMENT.md" />
  </Folder>
  <Folder Name="/docs/sample/">
    <File Path="docs/sample/sample-image.png" />
  </Folder>
  <Folder Name="/src/">
    <Project Path="src/QuickER.AI/QuickER.AI.csproj" />
    <Project Path="src/QuickER.AI.UI/QuickER.AI.UI.csproj" />
    <Project Path="src/QuickER.AI.Chat/QuickER.AI.Chat.csproj" />
    <Project Path="src/QuickER.AI.Mock/QuickER.AI.Mock.csproj" />
    <Project Path="src/QuickER.Cli/QuickER.Cli.csproj" />
    <Project Path="src/QuickER.Document/QuickER.Document.csproj" />
    <Project Path="src/QuickER.CodeGen.CSharp/QuickER.CodeGen.CSharp.csproj" />
    <Project Path="src/QuickER.CodeGen.UI/QuickER.CodeGen.UI.csproj" />
    <Project Path="src/QuickER.Gui.Abstractions/QuickER.Gui.Abstractions.csproj" />
    <Project Path="src/QuickER.Gui/QuickER.Gui.csproj" />
    <Project Path="src/QuickER.Model/QuickER.Model.csproj" />
    <Project Path="src/QuickER.MySql/QuickER.MySql.csproj" />
    <Project Path="src/QuickER.Oracle/QuickER.Oracle.csproj" />
    <Project Path="src/QuickER.PostgreSql/QuickER.PostgreSql.csproj" />
    <Project Path="src/QuickER.Provider/QuickER.Provider.csproj" />
    <Project Path="src/QuickER.Runtime/QuickER.Runtime.csproj" />
    <Project Path="src/QuickER.Runtime.EntityFrameworkCore/QuickER.Runtime.EntityFrameworkCore.csproj" />
    <Project Path="src/QuickER.Runtime.Sqlite/QuickER.Runtime.Sqlite.csproj" />
    <Project Path="src/QuickER.Runtime.SqlServer/QuickER.Runtime.SqlServer.csproj" />
    <Project Path="src/QuickER.Sqlite/QuickER.Sqlite.csproj" />
    <Project Path="src/QuickER.SqlServer/QuickER.SqlServer.csproj" />
  </Folder>
  <Folder Name="/tests/">
    <Project Path="tests/QuickER.Tests/QuickER.Tests.csproj" />
  </Folder>
</Solution>
