<Solution>
  <Folder Name="/ソリューション項目/">
    <File Path=".editorconfig" />
  </Folder>
  <Folder Name="/docs/" />
  <Folder Name="/docs/sample/">
    <File Path="docs/sample/sample-image.png" />
  </Folder>
  <Folder Name="/src/">
    <Project Path="src/QuickER.AI/QuickER.AI.csproj" />
    <Project Path="src/QuickER.Cli/QuickER.Cli.csproj" />
    <Project Path="src/QuickER.Document/QuickER.Document.csproj" />
    <Project Path="src/QuickER.Generator/QuickER.Generator.csproj" />
    <Project Path="src/QuickER.Model/QuickER.Model.csproj" />
    <Project Path="src/QuickER.Provider/QuickER.Provider.csproj" />
    <Project Path="src/QuickER.SqlServer/QuickER.SqlServer.csproj" />
    <Project Path="src/QuickER/QuickER.csproj" />
  </Folder>
  <Folder Name="/tests/">
    <Project Path="tests/QuickER.Tests/QuickER.Tests.csproj" />
  </Folder>
</Solution>
