<Solution>
  <Folder Name="/ソリューション項目/">
    <File Path=".editorconfig" />
    <File Path="LICENSE" />
    <File Path="LICENSE-NC.md" />
    <File Path="README.md" />
    <File Path="README.ja.md" />
    <File Path="CHANGELOG.md" />
    <File Path="CONTRIBUTING.md" />
    <File Path="SECURITY.md" />
  </Folder>
  <Folder Name="/docs/">
    <File Path="docs/ASSESSMENT.md" />
    <File Path="docs/ai-chat.md" />
    <File Path="docs/cli.md" />
    <File Path="docs/code-generation.md" />
  </Folder>
  <Folder Name="/docs/images/">
    <File Path="docs/images/sample-ec-order.png" />
    <File Path="docs/images/sample-ec-order-en.png" />
  </Folder>
  <Folder Name="/samples/" />
  <Folder Name="/samples/ec-order/">
    <File Path="samples/ec-order/EcOrder.json" />
    <File Path="samples/ec-order/EcOrder.sql" />
    <File Path="samples/ec-order/README.md" />
    <File Path="samples/ec-order/README.ja.md" />
    <File Path="samples/ec-order/quicker.json" />
    <Project Path="samples/ec-order/EcOrderSample/EcOrderSample.csproj" />
  </Folder>
  <Folder Name="/samples/ec-order-remote/">
    <File Path="samples/ec-order-remote/EcOrderRemote.json" />
    <File Path="samples/ec-order-remote/EcOrderRemote.sql" />
    <File Path="samples/ec-order-remote/README.md" />
    <File Path="samples/ec-order-remote/README.ja.md" />
    <File Path="samples/ec-order-remote/quicker.json" />
    <Project Path="samples/ec-order-remote/EcOrderRemote.Shared/EcOrderRemote.Shared.csproj" />
    <Project Path="samples/ec-order-remote/EcOrderRemote.Server/EcOrderRemote.Server.csproj" />
    <Project Path="samples/ec-order-remote/EcOrderRemote.Client/EcOrderRemote.Client.csproj" />
  </Folder>
  <Folder Name="/scripts/">
    <File Path="scripts/pack-velopack.ps1" />
    <File Path="scripts/regen-fixtures.ps1" />
  </Folder>
  <Folder Name="/src/">
    <Project Path="src/QuickER.AI.Chat/QuickER.AI.Chat.csproj" />
    <Project Path="src/QuickER.AI.Mock/QuickER.AI.Mock.csproj" />
    <Project Path="src/QuickER.AI.UI/QuickER.AI.UI.csproj" />
    <Project Path="src/QuickER.AI/QuickER.AI.csproj" />
    <Project Path="src/QuickER.Cli/QuickER.Cli.csproj" />
    <Project Path="src/QuickER.CodeGen.CSharp/QuickER.CodeGen.CSharp.csproj" />
    <Project Path="src/QuickER.CodeGen.UI/QuickER.CodeGen.UI.csproj" />
    <Project Path="src/QuickER.Document/QuickER.Document.csproj" />
    <Project Path="src/QuickER.Gui.Abstractions/QuickER.Gui.Abstractions.csproj" />
    <Project Path="src/QuickER.Gui/QuickER.Gui.csproj" />
    <Project Path="src/QuickER.Model/QuickER.Model.csproj" />
    <Project Path="src/QuickER.MySql/QuickER.MySql.csproj" />
    <Project Path="src/QuickER.Oracle/QuickER.Oracle.csproj" />
    <Project Path="src/QuickER.PostgreSql/QuickER.PostgreSql.csproj" />
    <Project Path="src/QuickER.Provider/QuickER.Provider.csproj" />
    <Project Path="src/QuickER.Runtime.EntityFrameworkCore/QuickER.Runtime.EntityFrameworkCore.csproj" />
    <Project Path="src/QuickER.Runtime.Sqlite/QuickER.Runtime.Sqlite.csproj" />
    <Project Path="src/QuickER.Runtime.SqlServer/QuickER.Runtime.SqlServer.csproj" />
    <Project Path="src/QuickER.Runtime/QuickER.Runtime.csproj" />
    <Project Path="src/QuickER.Settings/QuickER.Settings.csproj" />
    <Project Path="src/QuickER.Sqlite/QuickER.Sqlite.csproj" />
    <Project Path="src/QuickER.SqlServer/QuickER.SqlServer.csproj" />
  </Folder>
  <Folder Name="/tests/">
    <Project Path="tests/QuickER.Tests/QuickER.Tests.csproj" />
  </Folder>
</Solution>
