{
  "version": 2,
  "dependencies": {
    "net10.0": {
      "Microsoft.CodeAnalysis.CSharp": {
        "type": "Direct",
        "requested": "[5.9.0, )",
        "resolved": "5.9.0",
        "contentHash": "7JGDA0UT1+h7k9ZcA3rF4eFC8+QPq1xyYaXxag4p8r/zzPurEJxvdi7aM+MRL/SfP7XADXpWF/pl/eUYXOq/ww==",
        "dependencies": {
          "Microsoft.CodeAnalysis.Analyzers": "5.9.0-1.26328.17",
          "Microsoft.CodeAnalysis.Common": "[5.9.0]"
        }
      },
      "Microsoft.CodeAnalysis.Analyzers": {
        "type": "Transitive",
        "resolved": "5.9.0-1.26328.17",
        "contentHash": "HP9NNk8ZjOSI2hgOyXnQg+kv7/X837Vr2nAlXiGAtqtYnYKjRRa1UmQFr8KFs5ynGYKqfbb8zB9APoWjiAGdMg=="
      },
      "Microsoft.CodeAnalysis.Common": {
        "type": "Transitive",
        "resolved": "5.9.0",
        "contentHash": "IYaIaUWdIx539AReKZOBEqTskFusZfCh/wFSPilDvCn5Say8MegLw2LONcSIcVy+v3Gzv53qYBspgvBGSErfbQ==",
        "dependencies": {
          "Microsoft.CodeAnalysis.Analyzers": "5.9.0-1.26328.17"
        }
      },
      "quicker.codegen.csharp": {
        "type": "Project",
        "dependencies": {
          "QuickER.Model": "[0.1.0, )",
          "Scriban": "[7.4.0, )"
        }
      },
      "quicker.model": {
        "type": "Project"
      },
      "quicker.provider": {
        "type": "Project",
        "dependencies": {
          "QuickER.CodeGen.CSharp": "[0.1.0, )",
          "QuickER.Model": "[0.1.0, )"
        }
      },
      "Scriban": {
        "type": "CentralTransitive",
        "requested": "[7.4.0, )",
        "resolved": "7.4.0",
        "contentHash": "h5QYOAKw7F4ajVNxeScBsq0c7en6YWyKDSC4ZnZIlrkeJrl0ekHk1PlpqP5C4peqkt6NoXl9dlwK3pI4oDC5oA=="
      }
    },
    "net10.0/win-x64": {}
  }
}