{
  "version": 2,
  "dependencies": {
    "net10.0": {
      "Anthropic": {
        "type": "Direct",
        "requested": "[12.48.0, )",
        "resolved": "12.48.0",
        "contentHash": "6ZexqS2S1h1hGVcSFGLY0rRNDKy19LCQw9/gcVQLPH4sG8piK+LP+gNd8ztp/QUkAdSNccCPvWaef7m7+p0RcA==",
        "dependencies": {
          "Microsoft.Extensions.AI.Abstractions": "10.5.1"
        }
      },
      "GitHub.Copilot.SDK": {
        "type": "Direct",
        "requested": "[1.0.14, )",
        "resolved": "1.0.14",
        "contentHash": "soxTYo6FvEFCtWL/FzLCoSok0wdC2HPCBsHpyh2nosBvGVZT8m2dTfcoOorVodvE0zdtaCR3jiCe1qGcnM4gFw==",
        "dependencies": {
          "Microsoft.Extensions.AI.Abstractions": "10.2.0"
        }
      },
      "ModelContextProtocol.AspNetCore": {
        "type": "Direct",
        "requested": "[2.2.0, )",
        "resolved": "2.2.0",
        "contentHash": "3JelDMuFIwFzXybsh6K30G6wXu5gmqKnuRnieqgBMuR0FkqqXRv4B+NYZuPgthSyNq5UwRyvv2U2VJBE3RD3PQ==",
        "dependencies": {
          "ModelContextProtocol": "[2.2.0]"
        }
      },
      "OpenAI": {
        "type": "Direct",
        "requested": "[2.14.0, )",
        "resolved": "2.14.0",
        "contentHash": "AeyC3GxbrJ7KRoWDyFeNSUOQQWD9AnNvM7LYQijCcXcqjyr53aGRcf5GBLExcSBzIs0RWYHe+NbzPrHTeuU5zA==",
        "dependencies": {
          "System.ClientModel": "1.15.0"
        }
      },
      "Microsoft.Extensions.AI.Abstractions": {
        "type": "Transitive",
        "resolved": "10.8.3",
        "contentHash": "K0B05oApxmviWalNHPMBBcRC7erKiDATz3ENNR/jqTR9JwIwLRefgDhj2jCRwL1aca99pXUe0qyQC73/xIuZig=="
      },
      "ModelContextProtocol.Core": {
        "type": "Transitive",
        "resolved": "2.2.0",
        "contentHash": "FeBfXU6T8k+jw4afg4sfxdEX2rL/e5oKOk9ROOGztu9k47+7Bz08sdaToYt2XvMY1opNbwxYQOFMj6wH9TInhA==",
        "dependencies": {
          "Microsoft.Extensions.AI.Abstractions": "10.8.3"
        }
      },
      "System.ClientModel": {
        "type": "Transitive",
        "resolved": "1.15.0",
        "contentHash": "y6zQLInrpX+oGL1gXM04DrUSu1O1esWxt4rD/zrujTnzIFChn/noD1OiVVpTrU8ZvglwqO2Uw038svUR3SiAOg==",
        "dependencies": {
          "System.Memory.Data": "10.0.9"
        }
      },
      "System.Memory.Data": {
        "type": "Transitive",
        "resolved": "10.0.9",
        "contentHash": "YweovHiLUoEdbr2Xv8eRqCSkTu1vMms4a6xBHaQiMSFVy32PL+hXv6Vhol2NWOmLHjaVgTyhJ3R52U6JxS6w3Q=="
      },
      "quicker.mcp": {
        "type": "Project",
        "dependencies": {
          "ModelContextProtocol": "[2.2.0, )"
        }
      },
      "quicker.model": {
        "type": "Project"
      },
      "quicker.settings": {
        "type": "Project"
      },
      "ModelContextProtocol": {
        "type": "CentralTransitive",
        "requested": "[2.2.0, )",
        "resolved": "2.2.0",
        "contentHash": "4Pb9u02Nwsp0poueDsqNdyGRojFxOYpljB7zDBsq+aHL+Afou3OgxlBc3GWFVnsRMRJrUtWqDh3s6k2JgPzmrQ==",
        "dependencies": {
          "ModelContextProtocol.Core": "[2.2.0]"
        }
      }
    },
    "net10.0/win-x64": {}
  }
}